
Microsoft Visual Studio Solution File, Format Version 12.00
# Visual Studio Version 16
VisualStudioVersion = 16.0.30717.126
MinimumVisualStudioVersion = 10.0.40219.1
Project("{9A19103F-16F7-4668-BE54-9A1E7A4F7556}") = "TLS", "TLS.csproj", "{3EF81810-50CF-4FE7-A284-3C9095DDFB27}"
EndProject
Project("{2150E333-8FDC-42A3-9474-1A3956D46DE8}") = "Solution Items", "Solution Items", "{01EB616E-C868-4B4F-8CCE-7673253F97B5}"
	ProjectSection(SolutionItems) = preProject
		.editorconfig = .editorconfig
	EndProjectSection
EndProject
Global
	GlobalSection(SolutionConfigurationPlatforms) = preSolution
		Debug|Any CPU = Debug|Any CPU
		Release|Any CPU = Release|Any CPU
	EndGlobalSection
	GlobalSection(ProjectConfigurationPlatforms) = postSolution
		{3EF81810-50CF-4FE7-A284-3C9095DDFB27}.Debug|Any CPU.ActiveCfg = Debug|Any CPU
		{3EF81810-50CF-4FE7-A284-3C9095DDFB27}.Debug|Any CPU.Build.0 = Debug|Any CPU
		{3EF81810-50CF-4FE7-A284-3C9095DDFB27}.Release|Any CPU.ActiveCfg = Release|Any CPU
		{3EF81810-50CF-4FE7-A284-3C9095DDFB27}.Release|Any CPU.Build.0 = Release|Any CPU
	EndGlobalSection
	GlobalSection(SolutionProperties) = preSolution
		HideSolutionNode = FALSE
	EndGlobalSection
	GlobalSection(ExtensibilityGlobals) = postSolution
		SolutionGuid = {2B23A755-9CB0-413D-9A74-8EC410DCAB2C}
	EndGlobalSection
EndGlobal
