{
	"name": "allow-access",
	"version": "406.0.0",
	"lockfileVersion": 3,
	"requires": true,
	"packages": {
		"": {
			"name": "allow-access",
			"version": "406.0.0",
			"license": "GPL-3.0",
			"dependencies": {
				"@aws-sdk/client-ec2": "^3.1099.0",
				"@aws-sdk/credential-providers": "^3.1068.0",
				"public-ip": "^8.0.0"
			}
		},
		"node_modules/@aws-crypto/sha256-browser": {
			"version": "5.2.0",
			"resolved": "https://registry.npmjs.org/@aws-crypto/sha256-browser/-/sha256-browser-5.2.0.tgz",
			"integrity": "sha512-AXfN/lGotSQwu6HNcEsIASo7kWXZ5HYWvfOmSNKDsEqC4OashTp8alTmaz+F7TC2L083SFv5RdB+qU3Vs1kZqw==",
			"dependencies": {
				"@aws-crypto/sha256-js": "^5.2.0",
				"@aws-crypto/supports-web-crypto": "^5.2.0",
				"@aws-crypto/util": "^5.2.0",
				"@aws-sdk/types": "^3.222.0",
				"@aws-sdk/util-locate-window": "^3.0.0",
				"@smithy/util-utf8": "^2.0.0",
				"tslib": "^2.6.2"
			}
		},
		"node_modules/@aws-crypto/sha256-browser/node_modules/@smithy/is-array-buffer": {
			"version": "2.2.0",
			"resolved": "https://registry.npmjs.org/@smithy/is-array-buffer/-/is-array-buffer-2.2.0.tgz",
			"integrity": "sha512-GGP3O9QFD24uGeAXYUjwSTXARoqpZykHadOmA8G5vfJPK0/DC67qa//0qvqrJzL1xc8WQWX7/yc7fwudjPHPhA==",
			"dependencies": {
				"tslib": "^2.6.2"
			},
			"engines": {
				"node": ">=14.0.0"
			}
		},
		"node_modules/@aws-crypto/sha256-browser/node_modules/@smithy/util-buffer-from": {
			"version": "2.2.0",
			"resolved": "https://registry.npmjs.org/@smithy/util-buffer-from/-/util-buffer-from-2.2.0.tgz",
			"integrity": "sha512-IJdWBbTcMQ6DA0gdNhh/BwrLkDR+ADW5Kr1aZmd4k3DIF6ezMV4R2NIAmT08wQJ3yUK82thHWmC/TnK/wpMMIA==",
			"dependencies": {
				"@smithy/is-array-buffer": "^2.2.0",
				"tslib": "^2.6.2"
			},
			"engines": {
				"node": ">=14.0.0"
			}
		},
		"node_modules/@aws-crypto/sha256-browser/node_modules/@smithy/util-utf8": {
			"version": "2.3.0",
			"resolved": "https://registry.npmjs.org/@smithy/util-utf8/-/util-utf8-2.3.0.tgz",
			"integrity": "sha512-R8Rdn8Hy72KKcebgLiv8jQcQkXoLMOGGv5uI1/k0l+snqkOzQ1R0ChUBCxWMlBsFMekWjq0wRudIweFs7sKT5A==",
			"dependencies": {
				"@smithy/util-buffer-from": "^2.2.0",
				"tslib": "^2.6.2"
			},
			"engines": {
				"node": ">=14.0.0"
			}
		},
		"node_modules/@aws-crypto/sha256-js": {
			"version": "5.2.0",
			"resolved": "https://registry.npmjs.org/@aws-crypto/sha256-js/-/sha256-js-5.2.0.tgz",
			"integrity": "sha512-FFQQyu7edu4ufvIZ+OadFpHHOt+eSTBaYaki44c+akjg7qZg9oOQeLlk77F6tSYqjDAFClrHJk9tMf0HdVyOvA==",
			"dependencies": {
				"@aws-crypto/util": "^5.2.0",
				"@aws-sdk/types": "^3.222.0",
				"tslib": "^2.6.2"
			},
			"engines": {
				"node": ">=16.0.0"
			}
		},
		"node_modules/@aws-crypto/supports-web-crypto": {
			"version": "5.2.0",
			"resolved": "https://registry.npmjs.org/@aws-crypto/supports-web-crypto/-/supports-web-crypto-5.2.0.tgz",
			"integrity": "sha512-iAvUotm021kM33eCdNfwIN//F77/IADDSs58i+MDaOqFrVjZo9bAal0NK7HurRuWLLpF1iLX7gbWrjHjeo+YFg==",
			"dependencies": {
				"tslib": "^2.6.2"
			}
		},
		"node_modules/@aws-crypto/util": {
			"version": "5.2.0",
			"resolved": "https://registry.npmjs.org/@aws-crypto/util/-/util-5.2.0.tgz",
			"integrity": "sha512-4RkU9EsI6ZpBve5fseQlGNUWKMa1RLPQ1dnjnQoe07ldfIzcsGb5hC5W0Dm7u423KWzawlrpbjXBrXCEv9zazQ==",
			"dependencies": {
				"@aws-sdk/types": "^3.222.0",
				"@smithy/util-utf8": "^2.0.0",
				"tslib": "^2.6.2"
			}
		},
		"node_modules/@aws-crypto/util/node_modules/@smithy/is-array-buffer": {
			"version": "2.2.0",
			"resolved": "https://registry.npmjs.org/@smithy/is-array-buffer/-/is-array-buffer-2.2.0.tgz",
			"integrity": "sha512-GGP3O9QFD24uGeAXYUjwSTXARoqpZykHadOmA8G5vfJPK0/DC67qa//0qvqrJzL1xc8WQWX7/yc7fwudjPHPhA==",
			"dependencies": {
				"tslib": "^2.6.2"
			},
			"engines": {
				"node": ">=14.0.0"
			}
		},
		"node_modules/@aws-crypto/util/node_modules/@smithy/util-buffer-from": {
			"version": "2.2.0",
			"resolved": "https://registry.npmjs.org/@smithy/util-buffer-from/-/util-buffer-from-2.2.0.tgz",
			"integrity": "sha512-IJdWBbTcMQ6DA0gdNhh/BwrLkDR+ADW5Kr1aZmd4k3DIF6ezMV4R2NIAmT08wQJ3yUK82thHWmC/TnK/wpMMIA==",
			"dependencies": {
				"@smithy/is-array-buffer": "^2.2.0",
				"tslib": "^2.6.2"
			},
			"engines": {
				"node": ">=14.0.0"
			}
		},
		"node_modules/@aws-crypto/util/node_modules/@smithy/util-utf8": {
			"version": "2.3.0",
			"resolved": "https://registry.npmjs.org/@smithy/util-utf8/-/util-utf8-2.3.0.tgz",
			"integrity": "sha512-R8Rdn8Hy72KKcebgLiv8jQcQkXoLMOGGv5uI1/k0l+snqkOzQ1R0ChUBCxWMlBsFMekWjq0wRudIweFs7sKT5A==",
			"dependencies": {
				"@smithy/util-buffer-from": "^2.2.0",
				"tslib": "^2.6.2"
			},
			"engines": {
				"node": ">=14.0.0"
			}
		},
		"node_modules/@aws-sdk/client-cognito-identity": {
			"version": "3.1068.0",
			"resolved": "https://registry.npmjs.org/@aws-sdk/client-cognito-identity/-/client-cognito-identity-3.1068.0.tgz",
			"integrity": "sha512-by2Qj3f9BI9X4cY0n160R3uzkMpI6k9PmGA8QLAuzr8HzkiNrYFygMEPhIEdqBFHQPD/8AXNUs45HYjEDsQ33g==",
			"license": "Apache-2.0",
			"dependencies": {
				"@aws-crypto/sha256-browser": "5.2.0",
				"@aws-crypto/sha256-js": "5.2.0",
				"@aws-sdk/core": "^3.974.20",
				"@aws-sdk/credential-provider-node": "^3.972.55",
				"@aws-sdk/types": "^3.973.12",
				"@smithy/core": "^3.24.6",
				"@smithy/fetch-http-handler": "^5.4.6",
				"@smithy/node-http-handler": "^4.7.6",
				"@smithy/types": "^4.14.3",
				"tslib": "^2.6.2"
			},
			"engines": {
				"node": ">=20.0.0"
			}
		},
		"node_modules/@aws-sdk/client-ec2": {
			"version": "3.1099.0",
			"resolved": "https://registry.npmjs.org/@aws-sdk/client-ec2/-/client-ec2-3.1099.0.tgz",
			"integrity": "sha512-E8FotWix+9YnQgpi85RP8DjGo2HaQliFTwS75NVq4PZbjX70HJYibnwTUcaW9j+Kp7BqScKbaQ8+Yx7Z71vPiQ==",
			"license": "Apache-2.0",
			"dependencies": {
				"@aws-sdk/core": "^3.977.3",
				"@aws-sdk/credential-provider-node": "^3.972.75",
				"@aws-sdk/middleware-sdk-ec2": "^3.972.52",
				"@aws-sdk/types": "^3.974.2",
				"@smithy/core": "^3.31.1",
				"@smithy/fetch-http-handler": "^5.6.13",
				"@smithy/node-http-handler": "^4.9.13",
				"@smithy/types": "^4.16.1",
				"tslib": "^2.6.2"
			},
			"engines": {
				"node": ">=20.0.0"
			}
		},
		"node_modules/@aws-sdk/core": {
			"version": "3.977.4",
			"resolved": "https://registry.npmjs.org/@aws-sdk/core/-/core-3.977.4.tgz",
			"integrity": "sha512-CEkcQlMOQJCvul60U7wdAOACjtdgFWDsfJI+6wUOGdhGNV2lGbuJpi/R50QLpFG3Tp+sQxa/RmzC3X7KHbhuTA==",
			"license": "Apache-2.0",
			"dependencies": {
				"@aws-sdk/types": "^3.974.2",
				"@aws-sdk/xml-builder": "^3.972.37",
				"@aws/lambda-invoke-store": "^0.3.0",
				"@smithy/core": "^3.31.1",
				"@smithy/signature-v4": "^5.6.12",
				"@smithy/types": "^4.16.1",
				"bowser": "^2.11.0",
				"tslib": "^2.6.2"
			},
			"engines": {
				"node": ">=20.0.0"
			}
		},
		"node_modules/@aws-sdk/credential-provider-cognito-identity": {
			"version": "3.972.45",
			"resolved": "https://registry.npmjs.org/@aws-sdk/credential-provider-cognito-identity/-/credential-provider-cognito-identity-3.972.45.tgz",
			"integrity": "sha512-4L/REssieLON1hVsTzZucP1p2u5jmPNejyh/9BCGZXr93IalBbhRPCrtKIKwMTu9yRGr/bcKzhrQocByKLSzLQ==",
			"license": "Apache-2.0",
			"dependencies": {
				"@aws-sdk/nested-clients": "^3.997.20",
				"@aws-sdk/types": "^3.973.12",
				"@smithy/core": "^3.24.6",
				"@smithy/types": "^4.14.3",
				"tslib": "^2.6.2"
			},
			"engines": {
				"node": ">=20.0.0"
			}
		},
		"node_modules/@aws-sdk/credential-provider-env": {
			"version": "3.972.65",
			"resolved": "https://registry.npmjs.org/@aws-sdk/credential-provider-env/-/credential-provider-env-3.972.65.tgz",
			"integrity": "sha512-lJT2aRw9wCV8jPHyFJjdZLD4HTydL6/22AnCSOB8e/LqOc55nEJGLHkJQeSxhn8QiqyjFwPKQFtMw0ovjRUY/g==",
			"license": "Apache-2.0",
			"dependencies": {
				"@aws-sdk/core": "^3.977.4",
				"@aws-sdk/types": "^3.974.2",
				"@smithy/core": "^3.31.1",
				"@smithy/types": "^4.16.1",
				"tslib": "^2.6.2"
			},
			"engines": {
				"node": ">=20.0.0"
			}
		},
		"node_modules/@aws-sdk/credential-provider-http": {
			"version": "3.972.67",
			"resolved": "https://registry.npmjs.org/@aws-sdk/credential-provider-http/-/credential-provider-http-3.972.67.tgz",
			"integrity": "sha512-N7fw/15hSwI/CPxe5ohOyb7O4ge9f5me1gVIn8OIkBRB0squ8OJqQyDyH/HoL+Sb1W5xdC88jVC+bHkw73iu+Q==",
			"license": "Apache-2.0",
			"dependencies": {
				"@aws-sdk/core": "^3.977.4",
				"@aws-sdk/types": "^3.974.2",
				"@smithy/core": "^3.31.1",
				"@smithy/fetch-http-handler": "^5.6.13",
				"@smithy/node-http-handler": "^4.9.13",
				"@smithy/types": "^4.16.1",
				"tslib": "^2.6.2"
			},
			"engines": {
				"node": ">=20.0.0"
			}
		},
		"node_modules/@aws-sdk/credential-provider-ini": {
			"version": "3.973.10",
			"resolved": "https://registry.npmjs.org/@aws-sdk/credential-provider-ini/-/credential-provider-ini-3.973.10.tgz",
			"integrity": "sha512-Zh9XRaPnDN9buO7GfWBubS22R6Nq5D6hbyYEMN05LiOnXugm/8WDjUx6y756bSPbdn3aJB2qG4zFW3bN82QhoQ==",
			"license": "Apache-2.0",
			"dependencies": {
				"@aws-sdk/core": "^3.977.4",
				"@aws-sdk/credential-provider-env": "^3.972.65",
				"@aws-sdk/credential-provider-http": "^3.972.67",
				"@aws-sdk/credential-provider-login": "^3.972.72",
				"@aws-sdk/credential-provider-process": "^3.972.65",
				"@aws-sdk/credential-provider-sso": "^3.973.9",
				"@aws-sdk/credential-provider-web-identity": "^3.972.71",
				"@aws-sdk/nested-clients": "^3.997.39",
				"@aws-sdk/types": "^3.974.2",
				"@smithy/core": "^3.31.1",
				"@smithy/credential-provider-imds": "^4.4.16",
				"@smithy/types": "^4.16.1",
				"tslib": "^2.6.2"
			},
			"engines": {
				"node": ">=20.0.0"
			}
		},
		"node_modules/@aws-sdk/credential-provider-login": {
			"version": "3.972.72",
			"resolved": "https://registry.npmjs.org/@aws-sdk/credential-provider-login/-/credential-provider-login-3.972.72.tgz",
			"integrity": "sha512-zZapIKwaHp7TdTf9hbH1I3CVUdEupmt7FXO/BoTQGC+4h6NkXKWpqF2p5WyfpjurDLHCpSyh+BzMlAg8arqWLA==",
			"license": "Apache-2.0",
			"dependencies": {
				"@aws-sdk/core": "^3.977.4",
				"@aws-sdk/nested-clients": "^3.997.39",
				"@aws-sdk/types": "^3.974.2",
				"@smithy/core": "^3.31.1",
				"@smithy/types": "^4.16.1",
				"tslib": "^2.6.2"
			},
			"engines": {
				"node": ">=20.0.0"
			}
		},
		"node_modules/@aws-sdk/credential-provider-node": {
			"version": "3.972.76",
			"resolved": "https://registry.npmjs.org/@aws-sdk/credential-provider-node/-/credential-provider-node-3.972.76.tgz",
			"integrity": "sha512-1yzLmRiYSgGC25v7ZZEwJn/auhHHTIHgFOmzL2f36hf1+7jSLcX+1QrAz4760WEzPiiQl8xmlpFhHfl2OoyVzA==",
			"license": "Apache-2.0",
			"dependencies": {
				"@aws-sdk/credential-provider-env": "^3.972.65",
				"@aws-sdk/credential-provider-http": "^3.972.67",
				"@aws-sdk/credential-provider-ini": "^3.973.10",
				"@aws-sdk/credential-provider-process": "^3.972.65",
				"@aws-sdk/credential-provider-sso": "^3.973.9",
				"@aws-sdk/credential-provider-web-identity": "^3.972.71",
				"@aws-sdk/types": "^3.974.2",
				"@smithy/core": "^3.31.1",
				"@smithy/credential-provider-imds": "^4.4.16",
				"@smithy/types": "^4.16.1",
				"tslib": "^2.6.2"
			},
			"engines": {
				"node": ">=20.0.0"
			}
		},
		"node_modules/@aws-sdk/credential-provider-process": {
			"version": "3.972.65",
			"resolved": "https://registry.npmjs.org/@aws-sdk/credential-provider-process/-/credential-provider-process-3.972.65.tgz",
			"integrity": "sha512-e5DbbNteOSalN58U83G6kFa4ECLEuGbGqNBHIXE7zYXA/m4GHblIGjFbSH7wYv6gBV8iNSDcRZBKfQZF5vF9nw==",
			"license": "Apache-2.0",
			"dependencies": {
				"@aws-sdk/core": "^3.977.4",
				"@aws-sdk/types": "^3.974.2",
				"@smithy/core": "^3.31.1",
				"@smithy/types": "^4.16.1",
				"tslib": "^2.6.2"
			},
			"engines": {
				"node": ">=20.0.0"
			}
		},
		"node_modules/@aws-sdk/credential-provider-sso": {
			"version": "3.973.9",
			"resolved": "https://registry.npmjs.org/@aws-sdk/credential-provider-sso/-/credential-provider-sso-3.973.9.tgz",
			"integrity": "sha512-0V0u4t+KBku9fbh5CPCaC5hUWwSzDafp8nCuDy817zWbp2gz80jO44rMQkiwnZ+k54B+tjAtzRy00DJRGTKGBg==",
			"license": "Apache-2.0",
			"dependencies": {
				"@aws-sdk/core": "^3.977.4",
				"@aws-sdk/nested-clients": "^3.997.39",
				"@aws-sdk/token-providers": "3.1100.0",
				"@aws-sdk/types": "^3.974.2",
				"@smithy/core": "^3.31.1",
				"@smithy/types": "^4.16.1",
				"tslib": "^2.6.2"
			},
			"engines": {
				"node": ">=20.0.0"
			}
		},
		"node_modules/@aws-sdk/credential-provider-web-identity": {
			"version": "3.972.71",
			"resolved": "https://registry.npmjs.org/@aws-sdk/credential-provider-web-identity/-/credential-provider-web-identity-3.972.71.tgz",
			"integrity": "sha512-e4dwiRltGAaQ+2yxw57Hj0l/BF3BHiG14+QpYE7bGYBlpAq/fkIri2BDhjWon8c0mhhtd2txQBAkQb9BcTStFg==",
			"license": "Apache-2.0",
			"dependencies": {
				"@aws-sdk/core": "^3.977.4",
				"@aws-sdk/nested-clients": "^3.997.39",
				"@aws-sdk/types": "^3.974.2",
				"@smithy/core": "^3.31.1",
				"@smithy/types": "^4.16.1",
				"tslib": "^2.6.2"
			},
			"engines": {
				"node": ">=20.0.0"
			}
		},
		"node_modules/@aws-sdk/credential-providers": {
			"version": "3.1068.0",
			"resolved": "https://registry.npmjs.org/@aws-sdk/credential-providers/-/credential-providers-3.1068.0.tgz",
			"integrity": "sha512-DN7UewD/XKGfNGWXZsTECWRj3IsULkE7aG+fPwqPf13CnX4UmNvj80g1xieJ0lVdMQ2h0L3gZpn2ClIY06+/vQ==",
			"license": "Apache-2.0",
			"dependencies": {
				"@aws-sdk/client-cognito-identity": "3.1068.0",
				"@aws-sdk/core": "^3.974.20",
				"@aws-sdk/credential-provider-cognito-identity": "^3.972.45",
				"@aws-sdk/credential-provider-env": "^3.972.46",
				"@aws-sdk/credential-provider-http": "^3.972.48",
				"@aws-sdk/credential-provider-ini": "^3.972.53",
				"@aws-sdk/credential-provider-login": "^3.972.52",
				"@aws-sdk/credential-provider-node": "^3.972.55",
				"@aws-sdk/credential-provider-process": "^3.972.46",
				"@aws-sdk/credential-provider-sso": "^3.972.52",
				"@aws-sdk/credential-provider-web-identity": "^3.972.52",
				"@aws-sdk/nested-clients": "^3.997.20",
				"@aws-sdk/types": "^3.973.12",
				"@smithy/core": "^3.24.6",
				"@smithy/credential-provider-imds": "^4.3.7",
				"@smithy/types": "^4.14.3",
				"tslib": "^2.6.2"
			},
			"engines": {
				"node": ">=20.0.0"
			}
		},
		"node_modules/@aws-sdk/middleware-sdk-ec2": {
			"version": "3.972.53",
			"resolved": "https://registry.npmjs.org/@aws-sdk/middleware-sdk-ec2/-/middleware-sdk-ec2-3.972.53.tgz",
			"integrity": "sha512-WEIycst5f9Tj2Sqj2lfpypshh8N78keVFEkentp02nzi4ROsgElvT/sXZbjUlJ1HFQV9WPER1k6aZoCfqNqsuA==",
			"license": "Apache-2.0",
			"dependencies": {
				"@aws-sdk/core": "^3.977.4",
				"@aws-sdk/types": "^3.974.2",
				"@smithy/core": "^3.31.1",
				"@smithy/signature-v4": "^5.6.12",
				"@smithy/types": "^4.16.1",
				"tslib": "^2.6.2"
			},
			"engines": {
				"node": ">=20.0.0"
			}
		},
		"node_modules/@aws-sdk/nested-clients": {
			"version": "3.997.39",
			"resolved": "https://registry.npmjs.org/@aws-sdk/nested-clients/-/nested-clients-3.997.39.tgz",
			"integrity": "sha512-wU5NPnj62Sb7A8xn/Zb+xThe05P3otNtDl37iOIi5DDMeCesNeCckaG+eXWGUs12Z9R34I8CD05TaTe6SIa61g==",
			"license": "Apache-2.0",
			"dependencies": {
				"@aws-sdk/core": "^3.977.4",
				"@aws-sdk/signature-v4-multi-region": "^3.996.43",
				"@aws-sdk/types": "^3.974.2",
				"@smithy/core": "^3.31.1",
				"@smithy/fetch-http-handler": "^5.6.13",
				"@smithy/node-http-handler": "^4.9.13",
				"@smithy/types": "^4.16.1",
				"tslib": "^2.6.2"
			},
			"engines": {
				"node": ">=20.0.0"
			}
		},
		"node_modules/@aws-sdk/signature-v4-multi-region": {
			"version": "3.996.43",
			"resolved": "https://registry.npmjs.org/@aws-sdk/signature-v4-multi-region/-/signature-v4-multi-region-3.996.43.tgz",
			"integrity": "sha512-lKekx8bLBXSv4O+cslk9Zfnw2XKSkWBs3uWL5QGhH2ZAQfNS7FE0vcSSN2vD/AhxX54ZTywWxR4STThoeOXlBA==",
			"license": "Apache-2.0",
			"dependencies": {
				"@aws-sdk/types": "^3.974.2",
				"@smithy/signature-v4": "^5.6.12",
				"@smithy/types": "^4.16.1",
				"tslib": "^2.6.2"
			},
			"engines": {
				"node": ">=20.0.0"
			}
		},
		"node_modules/@aws-sdk/token-providers": {
			"version": "3.1100.0",
			"resolved": "https://registry.npmjs.org/@aws-sdk/token-providers/-/token-providers-3.1100.0.tgz",
			"integrity": "sha512-THf3MkgY3fNJZ3zdgSenLqR7gSE68KccCj1RCKretlG73Ppszvues02VpCUO9NlB/tZDC483FvGCld+AiPCkvg==",
			"license": "Apache-2.0",
			"dependencies": {
				"@aws-sdk/core": "^3.977.4",
				"@aws-sdk/nested-clients": "^3.997.39",
				"@aws-sdk/types": "^3.974.2",
				"@smithy/core": "^3.31.1",
				"@smithy/types": "^4.16.1",
				"tslib": "^2.6.2"
			},
			"engines": {
				"node": ">=20.0.0"
			}
		},
		"node_modules/@aws-sdk/types": {
			"version": "3.974.2",
			"resolved": "https://registry.npmjs.org/@aws-sdk/types/-/types-3.974.2.tgz",
			"integrity": "sha512-3W6IUtSxFbH6X7Wb7DzGCV5QiFQsd0g8bOfntpmDxQlzBoKWUMBu/JPQR0DwkE+Hpnxd6db1tXbOwdeHddG6cA==",
			"license": "Apache-2.0",
			"dependencies": {
				"@smithy/types": "^4.16.1",
				"tslib": "^2.6.2"
			},
			"engines": {
				"node": ">=20.0.0"
			}
		},
		"node_modules/@aws-sdk/util-locate-window": {
			"version": "3.568.0",
			"resolved": "https://registry.npmjs.org/@aws-sdk/util-locate-window/-/util-locate-window-3.568.0.tgz",
			"integrity": "sha512-3nh4TINkXYr+H41QaPelCceEB2FXP3fxp93YZXB/kqJvX0U9j0N0Uk45gvsjmEPzG8XxkPEeLIfT2I1M7A6Lig==",
			"dependencies": {
				"tslib": "^2.6.2"
			},
			"engines": {
				"node": ">=16.0.0"
			}
		},
		"node_modules/@aws-sdk/xml-builder": {
			"version": "3.972.37",
			"resolved": "https://registry.npmjs.org/@aws-sdk/xml-builder/-/xml-builder-3.972.37.tgz",
			"integrity": "sha512-zKq4HQum8JwDyEuyfuI4bbiAcU0KxP6qy+9PR/IsR92IyE/DaBAikzAS50tjxip4bqIIANpCcG+Yyj6CVhXupg==",
			"license": "Apache-2.0",
			"dependencies": {
				"@smithy/types": "^4.16.1",
				"tslib": "^2.6.2"
			},
			"engines": {
				"node": ">=20.0.0"
			}
		},
		"node_modules/@aws/lambda-invoke-store": {
			"version": "0.3.0",
			"resolved": "https://registry.npmjs.org/@aws/lambda-invoke-store/-/lambda-invoke-store-0.3.0.tgz",
			"integrity": "sha512-sl4Bm6yiMNYrZKkqqDFWN0UfnWhlS8ivKxrYl+6t0gCLrqr8y3B2IqZZbFRkfaVVp7C/baApyh71P+LeE1A2sQ==",
			"license": "Apache-2.0",
			"engines": {
				"node": ">=18.0.0"
			}
		},
		"node_modules/@leichtgewicht/ip-codec": {
			"version": "2.0.5",
			"resolved": "https://registry.npmjs.org/@leichtgewicht/ip-codec/-/ip-codec-2.0.5.tgz",
			"integrity": "sha512-Vo+PSpZG2/fmgmiNzYK9qWRh8h/CHrwD0mo1h1DzL4yzHNSfWYujGTYsWGreD000gcgmZ7K4Ys6Tx9TxtsKdDw=="
		},
		"node_modules/@smithy/core": {
			"version": "3.31.1",
			"resolved": "https://registry.npmjs.org/@smithy/core/-/core-3.31.1.tgz",
			"integrity": "sha512-CyogUINxvi7C7LDsh8Syo6hVJOT9ckz4rG8dRZfTJ8r91HkMY59PnNooaj7WcHyxEkxPfBAmbgztZU+xTo76lg==",
			"license": "Apache-2.0",
			"dependencies": {
				"@smithy/types": "^4.16.1",
				"tslib": "^2.6.2"
			},
			"engines": {
				"node": ">=18.0.0"
			}
		},
		"node_modules/@smithy/credential-provider-imds": {
			"version": "4.4.16",
			"resolved": "https://registry.npmjs.org/@smithy/credential-provider-imds/-/credential-provider-imds-4.4.16.tgz",
			"integrity": "sha512-QfuLWAkLzptffFW980AFeHZFdqds2B64rpEd3uJ6lgs3xVn9QegGMUgUcj+4d7dRrAsya3r58ZKpku97WcFb4w==",
			"license": "Apache-2.0",
			"dependencies": {
				"@smithy/core": "^3.31.1",
				"@smithy/types": "^4.16.1",
				"tslib": "^2.6.2"
			},
			"engines": {
				"node": ">=18.0.0"
			}
		},
		"node_modules/@smithy/fetch-http-handler": {
			"version": "5.6.13",
			"resolved": "https://registry.npmjs.org/@smithy/fetch-http-handler/-/fetch-http-handler-5.6.13.tgz",
			"integrity": "sha512-4fW86pEUOMbrD5nkbyl/tTvPHHWJFbuB2odl6ps9lWfHoXf9HWh3Q/Smh59qH1g7+c/BSZghX6bbUk4gsiMs8A==",
			"license": "Apache-2.0",
			"dependencies": {
				"@smithy/core": "^3.31.1",
				"@smithy/types": "^4.16.1",
				"tslib": "^2.6.2"
			},
			"engines": {
				"node": ">=18.0.0"
			}
		},
		"node_modules/@smithy/node-http-handler": {
			"version": "4.9.13",
			"resolved": "https://registry.npmjs.org/@smithy/node-http-handler/-/node-http-handler-4.9.13.tgz",
			"integrity": "sha512-Nmd/Nl35zfYrd+a6OO2cDJb3GPh9bgTjIUhcM+JFfjpp8/osCgboDV5nCT1I01Pv6R13eSKDKLSoVa5ZB6Zsfw==",
			"license": "Apache-2.0",
			"dependencies": {
				"@smithy/core": "^3.31.1",
				"@smithy/types": "^4.16.1",
				"tslib": "^2.6.2"
			},
			"engines": {
				"node": ">=18.0.0"
			}
		},
		"node_modules/@smithy/signature-v4": {
			"version": "5.6.12",
			"resolved": "https://registry.npmjs.org/@smithy/signature-v4/-/signature-v4-5.6.12.tgz",
			"integrity": "sha512-I6KLtq3H0qqSuV9vLglfi8puHqzygzWHOnI4z/Rdoo+q50vvo18vBRdPAvvEtcaKROz7Zn6qnPa14kRfPH6PcQ==",
			"license": "Apache-2.0",
			"dependencies": {
				"@smithy/core": "^3.31.1",
				"@smithy/types": "^4.16.1",
				"tslib": "^2.6.2"
			},
			"engines": {
				"node": ">=18.0.0"
			}
		},
		"node_modules/@smithy/types": {
			"version": "4.16.1",
			"resolved": "https://registry.npmjs.org/@smithy/types/-/types-4.16.1.tgz",
			"integrity": "sha512-0JFs3V2y2M9tKW5na/qxe69Zv+uxLMO7QBbhxF/FHu/Gp2NFZAAL9tWl9PU02xxo07pb3G9FTyjNc6D5uZrJIg==",
			"license": "Apache-2.0",
			"dependencies": {
				"tslib": "^2.6.2"
			},
			"engines": {
				"node": ">=18.0.0"
			}
		},
		"node_modules/bowser": {
			"version": "2.11.0",
			"resolved": "https://registry.npmjs.org/bowser/-/bowser-2.11.0.tgz",
			"integrity": "sha512-AlcaJBi/pqqJBIQ8U9Mcpc9i8Aqxn88Skv5d+xBX006BY5u8N3mGLHa5Lgppa7L/HfwgwLgZ6NYs+Ag6uUmJRA=="
		},
		"node_modules/clone-regexp": {
			"version": "3.0.0",
			"resolved": "https://registry.npmjs.org/clone-regexp/-/clone-regexp-3.0.0.tgz",
			"integrity": "sha512-ujdnoq2Kxb8s3ItNBtnYeXdm07FcU0u8ARAT1lQ2YdMwQC+cdiXX8KoqMVuglztILivceTtp4ivqGSmEmhBUJw==",
			"dependencies": {
				"is-regexp": "^3.0.0"
			},
			"engines": {
				"node": ">=12"
			},
			"funding": {
				"url": "https://github.com/sponsors/sindresorhus"
			}
		},
		"node_modules/convert-hrtime": {
			"version": "5.0.0",
			"resolved": "https://registry.npmjs.org/convert-hrtime/-/convert-hrtime-5.0.0.tgz",
			"integrity": "sha512-lOETlkIeYSJWcbbcvjRKGxVMXJR+8+OQb/mTPbA4ObPMytYIsUbuOE0Jzy60hjARYszq1id0j8KgVhC+WGZVTg==",
			"engines": {
				"node": ">=12"
			},
			"funding": {
				"url": "https://github.com/sponsors/sindresorhus"
			}
		},
		"node_modules/dns-packet": {
			"version": "5.6.1",
			"resolved": "https://registry.npmjs.org/dns-packet/-/dns-packet-5.6.1.tgz",
			"integrity": "sha512-l4gcSouhcgIKRvyy99RNVOgxXiicE+2jZoNmaNmZ6JXiGajBOJAesk1OBlJuM5k2c+eudGdLxDqXuPCKIj6kpw==",
			"dependencies": {
				"@leichtgewicht/ip-codec": "^2.0.1"
			},
			"engines": {
				"node": ">=6"
			}
		},
		"node_modules/dns-socket": {
			"version": "4.2.2",
			"resolved": "https://registry.npmjs.org/dns-socket/-/dns-socket-4.2.2.tgz",
			"integrity": "sha512-BDeBd8najI4/lS00HSKpdFia+OvUMytaVjfzR9n5Lq8MlZRSvtbI+uLtx1+XmQFls5wFU9dssccTmQQ6nfpjdg==",
			"dependencies": {
				"dns-packet": "^5.2.4"
			},
			"engines": {
				"node": ">=6"
			}
		},
		"node_modules/function-timeout": {
			"version": "0.1.1",
			"resolved": "https://registry.npmjs.org/function-timeout/-/function-timeout-0.1.1.tgz",
			"integrity": "sha512-0NVVC0TaP7dSTvn1yMiy6d6Q8gifzbvQafO46RtLG/kHJUBNd+pVRGOBoK44wNBvtSPUJRfdVvkFdD3p0xvyZg==",
			"engines": {
				"node": ">=14.16"
			},
			"funding": {
				"url": "https://github.com/sponsors/sindresorhus"
			}
		},
		"node_modules/ip-regex": {
			"version": "5.0.0",
			"resolved": "https://registry.npmjs.org/ip-regex/-/ip-regex-5.0.0.tgz",
			"integrity": "sha512-fOCG6lhoKKakwv+C6KdsOnGvgXnmgfmp0myi3bcNwj3qfwPAxRKWEuFhvEFF7ceYIz6+1jRZ+yguLFAmUNPEfw==",
			"engines": {
				"node": "^12.20.0 || ^14.13.1 || >=16.0.0"
			},
			"funding": {
				"url": "https://github.com/sponsors/sindresorhus"
			}
		},
		"node_modules/is-ip": {
			"version": "5.0.1",
			"resolved": "https://registry.npmjs.org/is-ip/-/is-ip-5.0.1.tgz",
			"integrity": "sha512-FCsGHdlrOnZQcp0+XT5a+pYowf33itBalCl+7ovNXC/7o5BhIpG14M3OrpPPdBSIQJCm+0M5+9mO7S9VVTTCFw==",
			"dependencies": {
				"ip-regex": "^5.0.0",
				"super-regex": "^0.2.0"
			},
			"engines": {
				"node": ">=14.16"
			},
			"funding": {
				"url": "https://github.com/sponsors/sindresorhus"
			}
		},
		"node_modules/is-regexp": {
			"version": "3.1.0",
			"resolved": "https://registry.npmjs.org/is-regexp/-/is-regexp-3.1.0.tgz",
			"integrity": "sha512-rbku49cWloU5bSMI+zaRaXdQHXnthP6DZ/vLnfdSKyL4zUzuWnomtOEiZZOd+ioQ+avFo/qau3KPTc7Fjy1uPA==",
			"engines": {
				"node": ">=12"
			},
			"funding": {
				"url": "https://github.com/sponsors/sindresorhus"
			}
		},
		"node_modules/public-ip": {
			"version": "8.0.0",
			"resolved": "https://registry.npmjs.org/public-ip/-/public-ip-8.0.0.tgz",
			"integrity": "sha512-XzVyz98rNQiTRciAC+I4w45fWWxM9KKedDGNtH4unPwBcWo2Y9n7kgPXqlTiWqKN0EFlIIU1i8yrWOy9mxgZ8g==",
			"license": "MIT",
			"dependencies": {
				"dns-socket": "^4.2.2",
				"is-ip": "^5.0.1"
			},
			"engines": {
				"node": ">=20"
			},
			"funding": {
				"url": "https://github.com/sponsors/sindresorhus"
			}
		},
		"node_modules/super-regex": {
			"version": "0.2.0",
			"resolved": "https://registry.npmjs.org/super-regex/-/super-regex-0.2.0.tgz",
			"integrity": "sha512-WZzIx3rC1CvbMDloLsVw0lkZVKJWbrkJ0k1ghKFmcnPrW1+jWbgTkTEWVtD9lMdmI4jZEz40+naBxl1dCUhXXw==",
			"dependencies": {
				"clone-regexp": "^3.0.0",
				"function-timeout": "^0.1.0",
				"time-span": "^5.1.0"
			},
			"engines": {
				"node": ">=14.16"
			},
			"funding": {
				"url": "https://github.com/sponsors/sindresorhus"
			}
		},
		"node_modules/time-span": {
			"version": "5.1.0",
			"resolved": "https://registry.npmjs.org/time-span/-/time-span-5.1.0.tgz",
			"integrity": "sha512-75voc/9G4rDIJleOo4jPvN4/YC4GRZrY8yy1uU4lwrB3XEQbWve8zXoO5No4eFrGcTAMYyoY67p8jRQdtA1HbA==",
			"dependencies": {
				"convert-hrtime": "^5.0.0"
			},
			"engines": {
				"node": ">=12"
			},
			"funding": {
				"url": "https://github.com/sponsors/sindresorhus"
			}
		},
		"node_modules/tslib": {
			"version": "2.6.3",
			"resolved": "https://registry.npmjs.org/tslib/-/tslib-2.6.3.tgz",
			"integrity": "sha512-xNvxJEOUiWPGhUuUdQgAJPKOOJfGnIyKySOc09XkKsgdUV/3E2zvwZYdejjmRgPCgcym1juLH3226yA7sEFJKQ=="
		}
	}
}
